// !$*UTF8*$!
{
	archiveVersion = 1;
	classes = {
	};
	objectVersion = 50;
	objects = {

/* Begin PBXBuildFile section */
		67E43E4424B95480009C6C52 /* ImportViewController.swift in Sources */ = {isa = PBXBuildFile; fileRef = 67E43E4224B95480009C6C52 /* ImportViewController.swift */; };
		67E43E4524B95481009C6C52 /* ImportViewController.xib in Resources */ = {isa = PBXBuildFile; fileRef = 67E43E4324B95480009C6C52 /* ImportViewController.xib */; };
		67EDD7D924B111B0000CBD99 /* CSVImporter.framework in Frameworks */ = {isa = PBXBuildFile; fileRef = 67EDD7CF24B111B0000CBD99 /* CSVImporter.framework */; };
		67EDD7DE24B111B0000CBD99 /* CSVImporterTests.swift in Sources */ = {isa = PBXBuildFile; fileRef = 67EDD7DD24B111B0000CBD99 /* CSVImporterTests.swift */; };
		67EDD7E024B111B0000CBD99 /* CSVImporter.h in Headers */ = {isa = PBXBuildFile; fileRef = 67EDD7D224B111B0000CBD99 /* CSVImporter.h */; settings = {ATTRIBUTES = (Public, ); }; };
/* End PBXBuildFile section */

/* Begin PBXContainerItemProxy section */
		67EDD7DA24B111B0000CBD99 /* PBXContainerItemProxy */ = {
			isa = PBXContainerItemProxy;
			containerPortal = 67EDD7C624B111B0000CBD99 /* Project object */;
			proxyType = 1;
			remoteGlobalIDString = 67EDD7CE24B111B0000CBD99;
			remoteInfo = CSVImporter;
		};
/* End PBXContainerItemProxy section */

/* Begin PBXFileReference section */
		67E43E4224B95480009C6C52 /* ImportViewController.swift */ = {isa = PBXFileReference; lastKnownFileType = sourcecode.swift; path = ImportViewController.swift; sourceTree = "<group>"; };
		67E43E4324B95480009C6C52 /* ImportViewController.xib */ = {isa = PBXFileReference; lastKnownFileType = file.xib; path = ImportViewController.xib; sourceTree = "<group>"; };
		67EDD7CF24B111B0000CBD99 /* CSVImporter.framework */ = {isa = PBXFileReference; explicitFileType = wrapper.framework; includeInIndex = 0; path = CSVImporter.framework; sourceTree = BUILT_PRODUCTS_DIR; };
		67EDD7D224B111B0000CBD99 /* CSVImporter.h */ = {isa = PBXFileReference; lastKnownFileType = sourcecode.c.h; path = CSVImporter.h; sourceTree = "<group>"; };
		67EDD7D324B111B0000CBD99 /* Info.plist */ = {isa = PBXFileReference; lastKnownFileType = text.plist.xml; path = Info.plist; sourceTree = "<group>"; };
		67EDD7D824B111B0000CBD99 /* CSVImporterTests.xctest */ = {isa = PBXFileReference; explicitFileType = wrapper.cfbundle; includeInIndex = 0; path = CSVImporterTests.xctest; sourceTree = BUILT_PRODUCTS_DIR; };
		67EDD7DD24B111B0000CBD99 /* CSVImporterTests.swift */ = {isa = PBXFileReference; lastKnownFileType = sourcecode.swift; path = CSVImporterTests.swift; sourceTree = "<group>"; };
		67EDD7DF24B111B0000CBD99 /* Info.plist */ = {isa = PBXFileReference; lastKnownFileType = text.plist.xml; path = Info.plist; sourceTree = "<group>"; };
/* End PBXFileReference section */

/* Begin PBXFrameworksBuildPhase section */
		67EDD7CC24B111B0000CBD99 /* Frameworks */ = {
			isa = PBXFrameworksBuildPhase;
			buildActionMask = 2147483647;
			files = (
			);
			runOnlyForDeploymentPostprocessing = 0;
		};
		67EDD7D524B111B0000CBD99 /* Frameworks */ = {
			isa = PBXFrameworksBuildPhase;
			buildActionMask = 2147483647;
			files = (
				67EDD7D924B111B0000CBD99 /* CSVImporter.framework in Frameworks */,
			);
			runOnlyForDeploymentPostprocessing = 0;
		};
/* End PBXFrameworksBuildPhase section */

/* Begin PBXGroup section */
		67EDD7C524B111B0000CBD99 = {
			isa = PBXGroup;
			children = (
				67EDD7D124B111B0000CBD99 /* CSVImporter */,
				67EDD7DC24B111B0000CBD99 /* CSVImporterTests */,
				67EDD7D024B111B0000CBD99 /* Products */,
			);
			sourceTree = "<group>";
		};
		67EDD7D024B111B0000CBD99 /* Products */ = {
			isa = PBXGroup;
			children = (
				67EDD7CF24B111B0000CBD99 /* CSVImporter.framework */,
				67EDD7D824B111B0000CBD99 /* CSVImporterTests.xctest */,
			);
			name = Products;
			sourceTree = "<group>";
		};
		67EDD7D124B111B0000CBD99 /* CSVImporter */ = {
			isa = PBXGroup;
			children = (
				67EDD7D224B111B0000CBD99 /* CSVImporter.h */,
				67EDD7D324B111B0000CBD99 /* Info.plist */,
				67E43E4224B95480009C6C52 /* ImportViewController.swift */,
				67E43E4324B95480009C6C52 /* ImportViewController.xib */,
			);
			path = CSVImporter;
			sourceTree = "<group>";
		};
		67EDD7DC24B111B0000CBD99 /* CSVImporterTests */ = {
			isa = PBXGroup;
			children = (
				67EDD7DD24B111B0000CBD99 /* CSVImporterTests.swift */,
				67EDD7DF24B111B0000CBD99 /* Info.plist */,
			);
			path = CSVImporterTests;
			sourceTree = "<group>";
		};
/* End PBXGroup section */

/* Begin PBXHeadersBuildPhase section */
		67EDD7CA24B111B0000CBD99 /* Headers */ = {
			isa = PBXHeadersBuildPhase;
			buildActionMask = 2147483647;
			files = (
				67EDD7E024B111B0000CBD99 /* CSVImporter.h in Headers */,
			);
			runOnlyForDeploymentPostprocessing = 0;
		};
/* End PBXHeadersBuildPhase section */

/* Begin PBXNativeTarget section */
		67EDD7CE24B111B0000CBD99 /* CSVImporter */ = {
			isa = PBXNativeTarget;
			buildConfigurationList = 67EDD7E324B111B0000CBD99 /* Build configuration list for PBXNativeTarget "CSVImporter" */;
			buildPhases = (
				67EDD7CA24B111B0000CBD99 /* Headers */,
				67EDD7CB24B111B0000CBD99 /* Sources */,
				67EDD7CC24B111B0000CBD99 /* Frameworks */,
				67EDD7CD24B111B0000CBD99 /* Resources */,
			);
			buildRules = (
			);
			dependencies = (
			);
			name = CSVImporter;
			productName = CSVImporter;
			productReference = 67EDD7CF24B111B0000CBD99 /* CSVImporter.framework */;
			productType = "com.apple.product-type.framework";
		};
		67EDD7D724B111B0000CBD99 /* CSVImporterTests */ = {
			isa = PBXNativeTarget;
			buildConfigurationList = 67EDD7E624B111B0000CBD99 /* Build configuration list for PBXNativeTarget "CSVImporterTests" */;
			buildPhases = (
				67EDD7D424B111B0000CBD99 /* Sources */,
				67EDD7D524B111B0000CBD99 /* Frameworks */,
				67EDD7D624B111B0000CBD99 /* Resources */,
			);
			buildRules = (
			);
			dependencies = (
				67EDD7DB24B111B0000CBD99 /* PBXTargetDependency */,
			);
			name = CSVImporterTests;
			productName = CSVImporterTests;
			productReference = 67EDD7D824B111B0000CBD99 /* CSVImporterTests.xctest */;
			productType = "com.apple.product-type.bundle.unit-test";
		};
/* End PBXNativeTarget section */

/* Begin PBXProject section */
		67EDD7C624B111B0000CBD99 /* Project object */ = {
			isa = PBXProject;
			attributes = {
				LastSwiftUpdateCheck = 1150;
				LastUpgradeCheck = 1150;
				ORGANIZATIONNAME = "Armel Koudoum";
				TargetAttributes = {
					67EDD7CE24B111B0000CBD99 = {
						CreatedOnToolsVersion = 11.5;
						LastSwiftMigration = 1150;
					};
					67EDD7D724B111B0000CBD99 = {
						CreatedOnToolsVersion = 11.5;
					};
				};
			};
			buildConfigurationList = 67EDD7C924B111B0000CBD99 /* Build configuration list for PBXProject "CSVImporter" */;
			compatibilityVersion = "Xcode 9.3";
			developmentRegion = en;
			hasScannedForEncodings = 0;
			knownRegions = (
				en,
				Base,
			);
			mainGroup = 67EDD7C524B111B0000CBD99;
			productRefGroup = 67EDD7D024B111B0000CBD99 /* Products */;
			projectDirPath = "";
			projectRoot = "";
			targets = (
				67EDD7CE24B111B0000CBD99 /* CSVImporter */,
				67EDD7D724B111B0000CBD99 /* CSVImporterTests */,
			);
		};
/* End PBXProject section */

/* Begin PBXResourcesBuildPhase section */
		67EDD7CD24B111B0000CBD99 /* Resources */ = {
			isa = PBXResourcesBuildPhase;
			buildActionMask = 2147483647;
			files = (
				67E43E4524B95481009C6C52 /* ImportViewController.xib in Resources */,
			);
			runOnlyForDeploymentPostprocessing = 0;
		};
		67EDD7D624B111B0000CBD99 /* Resources */ = {
			isa = PBXResourcesBuildPhase;
			buildActionMask = 2147483647;
			files = (
			);
			runOnlyForDeploymentPostprocessing = 0;
		};
/* End PBXResourcesBuildPhase section */

/* Begin PBXSourcesBuildPhase section */
		67EDD7CB24B111B0000CBD99 /* Sources */ = {
			isa = PBXSourcesBuildPhase;
			buildActionMask = 2147483647;
			files = (
				67E43E4424B95480009C6C52 /* ImportViewController.swift in Sources */,
			);
			runOnlyForDeploymentPostprocessing = 0;
		};
		67EDD7D424B111B0000CBD99 /* Sources */ = {
			isa = PBXSourcesBuildPhase;
			buildActionMask = 2147483647;
			files = (
				67EDD7DE24B111B0000CBD99 /* CSVImporterTests.swift in Sources */,
			);
			runOnlyForDeploymentPostprocessing = 0;
		};
/* End PBXSourcesBuildPhase section */

/* Begin PBXTargetDependency section */
		67EDD7DB24B111B0000CBD99 /* PBXTargetDependency */ = {
			isa = PBXTargetDependency;
			target = 67EDD7CE24B111B0000CBD99 /* CSVImporter */;
			targetProxy = 67EDD7DA24B111B0000CBD99 /* PBXContainerItemProxy */;
		};
/* End PBXTargetDependency section */

/* Begin XCBuildConfiguration section */
		67EDD7E124B111B0000CBD99 /* Debug */ = {
			isa = XCBuildConfiguration;
			buildSettings = {
				ALWAYS_SEARCH_USER_PATHS = NO;
				CLANG_ANALYZER_NONNULL = YES;
				CLANG_ANALYZER_NUMBER_OBJECT_CONVERSION = YES_AGGRESSIVE;
				CLANG_CXX_LANGUAGE_STANDARD = "gnu++14";
				CLANG_CXX_LIBRARY = "libc++";
				CLANG_ENABLE_MODULES = YES;
				CLANG_ENABLE_OBJC_ARC = YES;
				CLANG_ENABLE_OBJC_WEAK = YES;
				CLANG_WARN_BLOCK_CAPTURE_AUTORELEASING = YES;
				CLANG_WARN_BOOL_CONVERSION = YES;
				CLANG_WARN_COMMA = YES;
				CLANG_WARN_CONSTANT_CONVERSION = YES;
				CLANG_WARN_DEPRECATED_OBJC_IMPLEMENTATIONS = YES;
				CLANG_WARN_DIRECT_OBJC_ISA_USAGE = YES_ERROR;
				CLANG_WARN_DOCUMENTATION_COMMENTS = YES;
				CLANG_WARN_EMPTY_BODY = YES;
				CLANG_WARN_ENUM_CONVERSION = YES;
				CLANG_WARN_INFINITE_RECURSION = YES;
				CLANG_WARN_INT_CONVERSION = YES;
				CLANG_WARN_NON_LITERAL_NULL_CONVERSION = YES;
				CLANG_WARN_OBJC_IMPLICIT_RETAIN_SELF = YES;
				CLANG_WARN_OBJC_LITERAL_CONVERSION = YES;
				CLANG_WARN_OBJC_ROOT_CLASS = YES_ERROR;
				CLANG_WARN_RANGE_LOOP_ANALYSIS = YES;
				CLANG_WARN_STRICT_PROTOTYPES = YES;
				CLANG_WARN_SUSPICIOUS_MOVE = YES;
				CLANG_WARN_UNGUARDED_AVAILABILITY = YES_AGGRESSIVE;
				CLANG_WARN_UNREACHABLE_CODE = YES;
				CLANG_WARN__DUPLICATE_METHOD_MATCH = YES;
				COPY_PHASE_STRIP = NO;
				CURRENT_PROJECT_VERSION = 1;
				DEBUG_INFORMATION_FORMAT = dwarf;
				ENABLE_STRICT_OBJC_MSGSEND = YES;
				ENABLE_TESTABILITY = YES;
				GCC_C_LANGUAGE_STANDARD = gnu11;
				GCC_DYNAMIC_NO_PIC = NO;
				GCC_NO_COMMON_BLOCKS = YES;
				GCC_OPTIMIZATION_LEVEL = 0;
				GCC_PREPROCESSOR_DEFINITIONS = (
					"DEBUG=1",
					"$(inherited)",
				);
				GCC_WARN_64_TO_32_BIT_CONVERSION = YES;
				GCC_WARN_ABOUT_RETURN_TYPE = YES_ERROR;
				GCC_WARN_UNDECLARED_SELECTOR = YES;
				GCC_WARN_UNINITIALIZED_AUTOS = YES_AGGRESSIVE;
				GCC_WARN_UNUSED_FUNCTION = YES;
				GCC_WARN_UNUSED_VARIABLE = YES;
				IPHONEOS_DEPLOYMENT_TARGET = 13.5;
				MTL_ENABLE_DEBUG_INFO = INCLUDE_SOURCE;
				MTL_FAST_MATH = YES;
				ONLY_ACTIVE_ARCH = YES;
				SDKROOT = iphoneos;
				SWIFT_ACTIVE_COMPILATION_CONDITIONS = DEBUG;
				SWIFT_OPTIMIZATION_LEVEL = "-Onone";
				VERSIONING_SYSTEM = "apple-generic";
				VERSION_INFO_PREFIX = "";
			};
			name = Debug;
		};
		67EDD7E224B111B0000CBD99 /* Release */ = {
			isa = XCBuildConfiguration;
			buildSettings = {
				ALWAYS_SEARCH_USER_PATHS = NO;
				CLANG_ANALYZER_NONNULL = YES;
				CLANG_ANALYZER_NUMBER_OBJECT_CONVERSION = YES_AGGRESSIVE;
				CLANG_CXX_LANGUAGE_STANDARD = "gnu++14";
				CLANG_CXX_LIBRARY = "libc++";
				CLANG_ENABLE_MODULES = YES;
				CLANG_ENABLE_OBJC_ARC = YES;
				CLANG_ENABLE_OBJC_WEAK = YES;
				CLANG_WARN_BLOCK_CAPTURE_AUTORELEASING = YES;
				CLANG_WARN_BOOL_CONVERSION = YES;
				CLANG_WARN_COMMA = YES;
				CLANG_WARN_CONSTANT_CONVERSION = YES;
				CLANG_WARN_DEPRECATED_OBJC_IMPLEMENTATIONS = YES;
				CLANG_WARN_DIRECT_OBJC_ISA_USAGE = YES_ERROR;
				CLANG_WARN_DOCUMENTATION_COMMENTS = YES;
				CLANG_WARN_EMPTY_BODY = YES;
				CLANG_WARN_ENUM_CONVERSION = YES;
				CLANG_WARN_INFINITE_RECURSION = YES;
				CLANG_WARN_INT_CONVERSION = YES;
				CLANG_WARN_NON_LITERAL_NULL_CONVERSION = YES;
				CLANG_WARN_OBJC_IMPLICIT_RETAIN_SELF = YES;
				CLANG_WARN_OBJC_LITERAL_CONVERSION = YES;
				CLANG_WARN_OBJC_ROOT_CLASS = YES_ERROR;
				CLANG_WARN_RANGE_LOOP_ANALYSIS = YES;
				CLANG_WARN_STRICT_PROTOTYPES = YES;
				CLANG_WARN_SUSPICIOUS_MOVE = YES;
				CLANG_WARN_UNGUARDED_AVAILABILITY = YES_AGGRESSIVE;
				CLANG_WARN_UNREACHABLE_CODE = YES;
				CLANG_WARN__DUPLICATE_METHOD_MATCH = YES;
				COPY_PHASE_STRIP = NO;
				CURRENT_PROJECT_VERSION = 1;
				DEBUG_INFORMATION_FORMAT = "dwarf-with-dsym";
				ENABLE_NS_ASSERTIONS = NO;
				ENABLE_STRICT_OBJC_MSGSEND = YES;
				GCC_C_LANGUAGE_STANDARD = gnu11;
				GCC_NO_COMMON_BLOCKS = YES;
				GCC_WARN_64_TO_32_BIT_CONVERSION = YES;
				GCC_WARN_ABOUT_RETURN_TYPE = YES_ERROR;
				GCC_WARN_UNDECLARED_SELECTOR = YES;
				GCC_WARN_UNINITIALIZED_AUTOS = YES_AGGRESSIVE;
				GCC_WARN_UNUSED_FUNCTION = YES;
				GCC_WARN_UNUSED_VARIABLE = YES;
				IPHONEOS_DEPLOYMENT_TARGET = 13.5;
				MTL_ENABLE_DEBUG_INFO = NO;
				MTL_FAST_MATH = YES;
				SDKROOT = iphoneos;
				SWIFT_COMPILATION_MODE = wholemodule;
				SWIFT_OPTIMIZATION_LEVEL = "-O";
				VALIDATE_PRODUCT = YES;
				VERSIONING_SYSTEM = "apple-generic";
				VERSION_INFO_PREFIX = "";
			};
			name = Release;
		};
		67EDD7E424B111B0000CBD99 /* Debug */ = {
			isa = XCBuildConfiguration;
			buildSettings = {
				CLANG_ENABLE_MODULES = YES;
				CODE_SIGN_STYLE = Automatic;
				DEFINES_MODULE = YES;
				DEVELOPMENT_TEAM = 86GDQ8G7CT;
				DYLIB_COMPATIBILITY_VERSION = 1;
				DYLIB_CURRENT_VERSION = 1;
				DYLIB_INSTALL_NAME_BASE = "@rpath";
				INFOPLIST_FILE = CSVImporter/Info.plist;
				INSTALL_PATH = "$(LOCAL_LIBRARY_DIR)/Frameworks";
				LD_RUNPATH_SEARCH_PATHS = (
					"$(inherited)",
					"@executable_path/Frameworks",
					"@loader_path/Frameworks",
				);
				PRODUCT_BUNDLE_IDENTIFIER = com.digitleaf.CSVImporter;
				PRODUCT_NAME = "$(TARGET_NAME:c99extidentifier)";
				SKIP_INSTALL = YES;
				SWIFT_OPTIMIZATION_LEVEL = "-Onone";
				SWIFT_VERSION = 5.0;
				TARGETED_DEVICE_FAMILY = "1,2";
			};
			name = Debug;
		};
		67EDD7E524B111B0000CBD99 /* Release */ = {
			isa = XCBuildConfiguration;
			buildSettings = {
				CLANG_ENABLE_MODULES = YES;
				CODE_SIGN_STYLE = Automatic;
				DEFINES_MODULE = YES;
				DEVELOPMENT_TEAM = 86GDQ8G7CT;
				DYLIB_COMPATIBILITY_VERSION = 1;
				DYLIB_CURRENT_VERSION = 1;
				DYLIB_INSTALL_NAME_BASE = "@rpath";
				INFOPLIST_FILE = CSVImporter/Info.plist;
				INSTALL_PATH = "$(LOCAL_LIBRARY_DIR)/Frameworks";
				LD_RUNPATH_SEARCH_PATHS = (
					"$(inherited)",
					"@executable_path/Frameworks",
					"@loader_path/Frameworks",
				);
				PRODUCT_BUNDLE_IDENTIFIER = com.digitleaf.CSVImporter;
				PRODUCT_NAME = "$(TARGET_NAME:c99extidentifier)";
				SKIP_INSTALL = YES;
				SWIFT_VERSION = 5.0;
				TARGETED_DEVICE_FAMILY = "1,2";
			};
			name = Release;
		};
		67EDD7E724B111B0000CBD99 /* Debug */ = {
			isa = XCBuildConfiguration;
			buildSettings = {
				ALWAYS_EMBED_SWIFT_STANDARD_LIBRARIES = YES;
				CODE_SIGN_STYLE = Automatic;
				DEVELOPMENT_TEAM = 86GDQ8G7CT;
				INFOPLIST_FILE = CSVImporterTests/Info.plist;
				LD_RUNPATH_SEARCH_PATHS = (
					"$(inherited)",
					"@executable_path/Frameworks",
					"@loader_path/Frameworks",
				);
				PRODUCT_BUNDLE_IDENTIFIER = com.digitleaf.CSVImporterTests;
				PRODUCT_NAME = "$(TARGET_NAME)";
				SWIFT_VERSION = 5.0;
				TARGETED_DEVICE_FAMILY = "1,2";
			};
			name = Debug;
		};
		67EDD7E824B111B0000CBD99 /* Release */ = {
			isa = XCBuildConfiguration;
			buildSettings = {
				ALWAYS_EMBED_SWIFT_STANDARD_LIBRARIES = YES;
				CODE_SIGN_STYLE = Automatic;
				DEVELOPMENT_TEAM = 86GDQ8G7CT;
				INFOPLIST_FILE = CSVImporterTests/Info.plist;
				LD_RUNPATH_SEARCH_PATHS = (
					"$(inherited)",
					"@executable_path/Frameworks",
					"@loader_path/Frameworks",
				);
				PRODUCT_BUNDLE_IDENTIFIER = com.digitleaf.CSVImporterTests;
				PRODUCT_NAME = "$(TARGET_NAME)";
				SWIFT_VERSION = 5.0;
				TARGETED_DEVICE_FAMILY = "1,2";
			};
			name = Release;
		};
/* End XCBuildConfiguration section */

/* Begin XCConfigurationList section */
		67EDD7C924B111B0000CBD99 /* Build configuration list for PBXProject "CSVImporter" */ = {
			isa = XCConfigurationList;
			buildConfigurations = (
				67EDD7E124B111B0000CBD99 /* Debug */,
				67EDD7E224B111B0000CBD99 /* Release */,
			);
			defaultConfigurationIsVisible = 0;
			defaultConfigurationName = Release;
		};
		67EDD7E324B111B0000CBD99 /* Build configuration list for PBXNativeTarget "CSVImporter" */ = {
			isa = XCConfigurationList;
			buildConfigurations = (
				67EDD7E424B111B0000CBD99 /* Debug */,
				67EDD7E524B111B0000CBD99 /* Release */,
			);
			defaultConfigurationIsVisible = 0;
			defaultConfigurationName = Release;
		};
		67EDD7E624B111B0000CBD99 /* Build configuration list for PBXNativeTarget "CSVImporterTests" */ = {
			isa = XCConfigurationList;
			buildConfigurations = (
				67EDD7E724B111B0000CBD99 /* Debug */,
				67EDD7E824B111B0000CBD99 /* Release */,
			);
			defaultConfigurationIsVisible = 0;
			defaultConfigurationName = Release;
		};
/* End XCConfigurationList section */
	};
	rootObject = 67EDD7C624B111B0000CBD99 /* Project object */;
}
